// !$*UTF8*$!
{
	archiveVersion = 1;
	classes = {
	};
	objectVersion = 55;
	objects = {

/* Begin PBXBuildFile section */
		30B17136287CAD5300639292 /* XoiSdk in Frameworks */ = {isa = PBXBuildFile; productRef = 30B17135287CAD5300639292 /* XoiSdk */; };
		30E39EDD2878B6C800CEDD63 /* CameraSdkTestApp.swift in Sources */ = {isa = PBXBuildFile; fileRef = 30E39ECD2878B6C600CEDD63 /* CameraSdkTestApp.swift */; };
		30E39EDE2878B6C800CEDD63 /* CameraSdkTestApp.swift in Sources */ = {isa = PBXBuildFile; fileRef = 30E39ECD2878B6C600CEDD63 /* CameraSdkTestApp.swift */; };
		30E39EDF2878B6C800CEDD63 /* ContentView.swift in Sources */ = {isa = PBXBuildFile; fileRef = 30E39ECE2878B6C600CEDD63 /* ContentView.swift */; };
		30E39EE02878B6C800CEDD63 /* ContentView.swift in Sources */ = {isa = PBXBuildFile; fileRef = 30E39ECE2878B6C600CEDD63 /* ContentView.swift */; };
		30E39EE12878B6C800CEDD63 /* Assets.xcassets in Resources */ = {isa = PBXBuildFile; fileRef = 30E39ECF2878B6C800CEDD63 /* Assets.xcassets */; };
		30E39EE22878B6C800CEDD63 /* Assets.xcassets in Resources */ = {isa = PBXBuildFile; fileRef = 30E39ECF2878B6C800CEDD63 /* Assets.xcassets */; };
/* End PBXBuildFile section */

/* Begin PBXFileReference section */
		30E39ECD2878B6C600CEDD63 /* CameraSdkTestApp.swift */ = {isa = PBXFileReference; lastKnownFileType = sourcecode.swift; path = CameraSdkTestApp.swift; sourceTree = "<group>"; };
		30E39ECE2878B6C600CEDD63 /* ContentView.swift */ = {isa = PBXFileReference; lastKnownFileType = sourcecode.swift; path = ContentView.swift; sourceTree = "<group>"; };
		30E39ECF2878B6C800CEDD63 /* Assets.xcassets */ = {isa = PBXFileReference; lastKnownFileType = folder.assetcatalog; path = Assets.xcassets; sourceTree = "<group>"; };
		30E39ED42878B6C800CEDD63 /* CameraSdkTest.app */ = {isa = PBXFileReference; explicitFileType = wrapper.application; includeInIndex = 0; path = CameraSdkTest.app; sourceTree = BUILT_PRODUCTS_DIR; };
		30E39EDA2878B6C800CEDD63 /* CameraSdkTest.app */ = {isa = PBXFileReference; explicitFileType = wrapper.application; includeInIndex = 0; path = CameraSdkTest.app; sourceTree = BUILT_PRODUCTS_DIR; };
		30E39EDC2878B6C800CEDD63 /* macOS.entitlements */ = {isa = PBXFileReference; lastKnownFileType = text.plist.entitlements; path = macOS.entitlements; sourceTree = "<group>"; };
/* End PBXFileReference section */

/* Begin PBXFrameworksBuildPhase section */
		30E39ED12878B6C800CEDD63 /* Frameworks */ = {
			isa = PBXFrameworksBuildPhase;
			buildActionMask = 2147483647;
			files = (
				30B17136287CAD5300639292 /* XoiSdk in Frameworks */,
			);
			runOnlyForDeploymentPostprocessing = 0;
		};
		30E39ED72878B6C800CEDD63 /* Frameworks */ = {
			isa = PBXFrameworksBuildPhase;
			buildActionMask = 2147483647;
			files = (
			);
			runOnlyForDeploymentPostprocessing = 0;
		};
/* End PBXFrameworksBuildPhase section */

/* Begin PBXGroup section */
		30E39EC72878B6C600CEDD63 = {
			isa = PBXGroup;
			children = (
				30E39ECC2878B6C600CEDD63 /* Shared */,
				30E39EDB2878B6C800CEDD63 /* macOS */,
				30E39ED52878B6C800CEDD63 /* Products */,
			);
			sourceTree = "<group>";
		};
		30E39ECC2878B6C600CEDD63 /* Shared */ = {
			isa = PBXGroup;
			children = (
				30E39ECD2878B6C600CEDD63 /* CameraSdkTestApp.swift */,
				30E39ECE2878B6C600CEDD63 /* ContentView.swift */,
				30E39ECF2878B6C800CEDD63 /* Assets.xcassets */,
			);
			path = Shared;
			sourceTree = "<group>";
		};
		30E39ED52878B6C800CEDD63 /* Products */ = {
			isa = PBXGroup;
			children = (
				30E39ED42878B6C800CEDD63 /* CameraSdkTest.app */,
				30E39EDA2878B6C800CEDD63 /* CameraSdkTest.app */,
			);
			name = Products;
			sourceTree = "<group>";
		};
		30E39EDB2878B6C800CEDD63 /* macOS */ = {
			isa = PBXGroup;
			children = (
				30E39EDC2878B6C800CEDD63 /* macOS.entitlements */,
			);
			path = macOS;
			sourceTree = "<group>";
		};
/* End PBXGroup section */

/* Begin PBXNativeTarget section */
		30E39ED32878B6C800CEDD63 /* CameraSdkTest (iOS) */ = {
			isa = PBXNativeTarget;
			buildConfigurationList = 30E39EE52878B6C800CEDD63 /* Build configuration list for PBXNativeTarget "CameraSdkTest (iOS)" */;
			buildPhases = (
				30E39ED02878B6C800CEDD63 /* Sources */,
				30E39ED12878B6C800CEDD63 /* Frameworks */,
				30E39ED22878B6C800CEDD63 /* Resources */,
			);
			buildRules = (
			);
			dependencies = (
			);
			name = "CameraSdkTest (iOS)";
			packageProductDependencies = (
				30B17135287CAD5300639292 /* XoiSdk */,
			);
			productName = "CameraSdkTest (iOS)";
			productReference = 30E39ED42878B6C800CEDD63 /* CameraSdkTest.app */;
			productType = "com.apple.product-type.application";
		};
		30E39ED92878B6C800CEDD63 /* CameraSdkTest (macOS) */ = {
			isa = PBXNativeTarget;
			buildConfigurationList = 30E39EE82878B6C800CEDD63 /* Build configuration list for PBXNativeTarget "CameraSdkTest (macOS)" */;
			buildPhases = (
				30E39ED62878B6C800CEDD63 /* Sources */,
				30E39ED72878B6C800CEDD63 /* Frameworks */,
				30E39ED82878B6C800CEDD63 /* Resources */,
			);
			buildRules = (
			);
			dependencies = (
			);
			name = "CameraSdkTest (macOS)";
			productName = "CameraSdkTest (macOS)";
			productReference = 30E39EDA2878B6C800CEDD63 /* CameraSdkTest.app */;
			productType = "com.apple.product-type.application";
		};
/* End PBXNativeTarget section */

/* Begin PBXProject section */
		30E39EC82878B6C600CEDD63 /* Project object */ = {
			isa = PBXProject;
			attributes = {
				BuildIndependentTargetsInParallel = 1;
				LastSwiftUpdateCheck = 1340;
				LastUpgradeCheck = 1340;
				TargetAttributes = {
					30E39ED32878B6C800CEDD63 = {
						CreatedOnToolsVersion = 13.4;
					};
					30E39ED92878B6C800CEDD63 = {
						CreatedOnToolsVersion = 13.4;
					};
				};
			};
			buildConfigurationList = 30E39ECB2878B6C600CEDD63 /* Build configuration list for PBXProject "CameraSdkTest" */;
			compatibilityVersion = "Xcode 13.0";
			developmentRegion = en;
			hasScannedForEncodings = 0;
			knownRegions = (
				en,
				Base,
			);
			mainGroup = 30E39EC72878B6C600CEDD63;
			packageReferences = (
				30B17134287CAD5300639292 /* XCRemoteSwiftPackageReference "sdk-ios-release" */,
			);
			productRefGroup = 30E39ED52878B6C800CEDD63 /* Products */;
			projectDirPath = "";
			projectRoot = "";
			targets = (
				30E39ED32878B6C800CEDD63 /* CameraSdkTest (iOS) */,
				30E39ED92878B6C800CEDD63 /* CameraSdkTest (macOS) */,
			);
		};
/* End PBXProject section */

/* Begin PBXResourcesBuildPhase section */
		30E39ED22878B6C800CEDD63 /* Resources */ = {
			isa = PBXResourcesBuildPhase;
			buildActionMask = 2147483647;
			files = (
				30E39EE12878B6C800CEDD63 /* Assets.xcassets in Resources */,
			);
			runOnlyForDeploymentPostprocessing = 0;
		};
		30E39ED82878B6C800CEDD63 /* Resources */ = {
			isa = PBXResourcesBuildPhase;
			buildActionMask = 2147483647;
			files = (
				30E39EE22878B6C800CEDD63 /* Assets.xcassets in Resources */,
			);
			runOnlyForDeploymentPostprocessing = 0;
		};
/* End PBXResourcesBuildPhase section */

/* Begin PBXSourcesBuildPhase section */
		30E39ED02878B6C800CEDD63 /* Sources */ = {
			isa = PBXSourcesBuildPhase;
			buildActionMask = 2147483647;
			files = (
				30E39EDF2878B6C800CEDD63 /* ContentView.swift in Sources */,
				30E39EDD2878B6C800CEDD63 /* CameraSdkTestApp.swift in Sources */,
			);
			runOnlyForDeploymentPostprocessing = 0;
		};
		30E39ED62878B6C800CEDD63 /* Sources */ = {
			isa = PBXSourcesBuildPhase;
			buildActionMask = 2147483647;
			files = (
				30E39EE02878B6C800CEDD63 /* ContentView.swift in Sources */,
				30E39EDE2878B6C800CEDD63 /* CameraSdkTestApp.swift in Sources */,
			);
			runOnlyForDeploymentPostprocessing = 0;
		};
/* End PBXSourcesBuildPhase section */

/* Begin XCBuildConfiguration section */
		30E39EE32878B6C800CEDD63 /* Debug */ = {
			isa = XCBuildConfiguration;
			buildSettings = {
				ALWAYS_SEARCH_USER_PATHS = NO;
				CLANG_ANALYZER_NONNULL = YES;
				CLANG_ANALYZER_NUMBER_OBJECT_CONVERSION = YES_AGGRESSIVE;
				CLANG_CXX_LANGUAGE_STANDARD = "gnu++17";
				CLANG_ENABLE_MODULES = YES;
				CLANG_ENABLE_OBJC_ARC = YES;
				CLANG_ENABLE_OBJC_WEAK = YES;
				CLANG_WARN_BLOCK_CAPTURE_AUTORELEASING = YES;
				CLANG_WARN_BOOL_CONVERSION = YES;
				CLANG_WARN_COMMA = YES;
				CLANG_WARN_CONSTANT_CONVERSION = YES;
				CLANG_WARN_DEPRECATED_OBJC_IMPLEMENTATIONS = YES;
				CLANG_WARN_DIRECT_OBJC_ISA_USAGE = YES_ERROR;
				CLANG_WARN_DOCUMENTATION_COMMENTS = YES;
				CLANG_WARN_EMPTY_BODY = YES;
				CLANG_WARN_ENUM_CONVERSION = YES;
				CLANG_WARN_INFINITE_RECURSION = YES;
				CLANG_WARN_INT_CONVERSION = YES;
				CLANG_WARN_NON_LITERAL_NULL_CONVERSION = YES;
				CLANG_WARN_OBJC_IMPLICIT_RETAIN_SELF = YES;
				CLANG_WARN_OBJC_LITERAL_CONVERSION = YES;
				CLANG_WARN_OBJC_ROOT_CLASS = YES_ERROR;
				CLANG_WARN_QUOTED_INCLUDE_IN_FRAMEWORK_HEADER = YES;
				CLANG_WARN_RANGE_LOOP_ANALYSIS = YES;
				CLANG_WARN_STRICT_PROTOTYPES = YES;
				CLANG_WARN_SUSPICIOUS_MOVE = YES;
				CLANG_WARN_UNGUARDED_AVAILABILITY = YES_AGGRESSIVE;
				CLANG_WARN_UNREACHABLE_CODE = YES;
				CLANG_WARN__DUPLICATE_METHOD_MATCH = YES;
				COPY_PHASE_STRIP = NO;
				DEBUG_INFORMATION_FORMAT = dwarf;
				ENABLE_STRICT_OBJC_MSGSEND = YES;
				ENABLE_TESTABILITY = YES;
				GCC_C_LANGUAGE_STANDARD = gnu11;
				GCC_DYNAMIC_NO_PIC = NO;
				GCC_NO_COMMON_BLOCKS = YES;
				GCC_OPTIMIZATION_LEVEL = 0;
				GCC_PREPROCESSOR_DEFINITIONS = (
					"DEBUG=1",
					"$(inherited)",
				);
				GCC_WARN_64_TO_32_BIT_CONVERSION = YES;
				GCC_WARN_ABOUT_RETURN_TYPE = YES_ERROR;
				GCC_WARN_UNDECLARED_SELECTOR = YES;
				GCC_WARN_UNINITIALIZED_AUTOS = YES_AGGRESSIVE;
				GCC_WARN_UNUSED_FUNCTION = YES;
				GCC_WARN_UNUSED_VARIABLE = YES;
				MTL_ENABLE_DEBUG_INFO = INCLUDE_SOURCE;
				MTL_FAST_MATH = YES;
				ONLY_ACTIVE_ARCH = YES;
				SWIFT_ACTIVE_COMPILATION_CONDITIONS = DEBUG;
				SWIFT_OPTIMIZATION_LEVEL = "-Onone";
			};
			name = Debug;
		};
		30E39EE42878B6C800CEDD63 /* Release */ = {
			isa = XCBuildConfiguration;
			buildSettings = {
				ALWAYS_SEARCH_USER_PATHS = NO;
				CLANG_ANALYZER_NONNULL = YES;
				CLANG_ANALYZER_NUMBER_OBJECT_CONVERSION = YES_AGGRESSIVE;
				CLANG_CXX_LANGUAGE_STANDARD = "gnu++17";
				CLANG_ENABLE_MODULES = YES;
				CLANG_ENABLE_OBJC_ARC = YES;
				CLANG_ENABLE_OBJC_WEAK = YES;
				CLANG_WARN_BLOCK_CAPTURE_AUTORELEASING = YES;
				CLANG_WARN_BOOL_CONVERSION = YES;
				CLANG_WARN_COMMA = YES;
				CLANG_WARN_CONSTANT_CONVERSION = YES;
				CLANG_WARN_DEPRECATED_OBJC_IMPLEMENTATIONS = YES;
				CLANG_WARN_DIRECT_OBJC_ISA_USAGE = YES_ERROR;
				CLANG_WARN_DOCUMENTATION_COMMENTS = YES;
				CLANG_WARN_EMPTY_BODY = YES;
				CLANG_WARN_ENUM_CONVERSION = YES;
				CLANG_WARN_INFINITE_RECURSION = YES;
				CLANG_WARN_INT_CONVERSION = YES;
				CLANG_WARN_NON_LITERAL_NULL_CONVERSION = YES;
				CLANG_WARN_OBJC_IMPLICIT_RETAIN_SELF = YES;
				CLANG_WARN_OBJC_LITERAL_CONVERSION = YES;
				CLANG_WARN_OBJC_ROOT_CLASS = YES_ERROR;
				CLANG_WARN_QUOTED_INCLUDE_IN_FRAMEWORK_HEADER = YES;
				CLANG_WARN_RANGE_LOOP_ANALYSIS = YES;
				CLANG_WARN_STRICT_PROTOTYPES = YES;
				CLANG_WARN_SUSPICIOUS_MOVE = YES;
				CLANG_WARN_UNGUARDED_AVAILABILITY = YES_AGGRESSIVE;
				CLANG_WARN_UNREACHABLE_CODE = YES;
				CLANG_WARN__DUPLICATE_METHOD_MATCH = YES;
				COPY_PHASE_STRIP = NO;
				DEBUG_INFORMATION_FORMAT = "dwarf-with-dsym";
				ENABLE_NS_ASSERTIONS = NO;
				ENABLE_STRICT_OBJC_MSGSEND = YES;
				GCC_C_LANGUAGE_STANDARD = gnu11;
				GCC_NO_COMMON_BLOCKS = YES;
				GCC_WARN_64_TO_32_BIT_CONVERSION = YES;
				GCC_WARN_ABOUT_RETURN_TYPE = YES_ERROR;
				GCC_WARN_UNDECLARED_SELECTOR = YES;
				GCC_WARN_UNINITIALIZED_AUTOS = YES_AGGRESSIVE;
				GCC_WARN_UNUSED_FUNCTION = YES;
				GCC_WARN_UNUSED_VARIABLE = YES;
				MTL_ENABLE_DEBUG_INFO = NO;
				MTL_FAST_MATH = YES;
				SWIFT_COMPILATION_MODE = wholemodule;
				SWIFT_OPTIMIZATION_LEVEL = "-O";
			};
			name = Release;
		};
		30E39EE62878B6C800CEDD63 /* Debug */ = {
			isa = XCBuildConfiguration;
			buildSettings = {
				ASSETCATALOG_COMPILER_APPICON_NAME = AppIcon;
				ASSETCATALOG_COMPILER_GLOBAL_ACCENT_COLOR_NAME = AccentColor;
				CODE_SIGN_STYLE = Automatic;
				CURRENT_PROJECT_VERSION = 1;
				DEVELOPMENT_TEAM = M9A666Z534;
				ENABLE_PREVIEWS = YES;
				GENERATE_INFOPLIST_FILE = YES;
				INFOPLIST_KEY_NSCameraUsageDescription = "takes photos";
				INFOPLIST_KEY_UIApplicationSceneManifest_Generation = YES;
				INFOPLIST_KEY_UIApplicationSupportsIndirectInputEvents = YES;
				INFOPLIST_KEY_UILaunchScreen_Generation = YES;
				INFOPLIST_KEY_UISupportedInterfaceOrientations_iPad = "UIInterfaceOrientationPortrait UIInterfaceOrientationPortraitUpsideDown UIInterfaceOrientationLandscapeLeft UIInterfaceOrientationLandscapeRight";
				INFOPLIST_KEY_UISupportedInterfaceOrientations_iPhone = "UIInterfaceOrientationPortrait UIInterfaceOrientationLandscapeLeft UIInterfaceOrientationLandscapeRight";
				IPHONEOS_DEPLOYMENT_TARGET = 15.5;
				LD_RUNPATH_SEARCH_PATHS = (
					"$(inherited)",
					"@executable_path/Frameworks",
				);
				MARKETING_VERSION = 1.0;
				PRODUCT_BUNDLE_IDENTIFIER = "io.xoi.sdk-host.CameraSdkTest";
				PRODUCT_NAME = CameraSdkTest;
				SDKROOT = iphoneos;
				SWIFT_EMIT_LOC_STRINGS = YES;
				SWIFT_VERSION = 5.0;
				TARGETED_DEVICE_FAMILY = "1,2";
			};
			name = Debug;
		};
		30E39EE72878B6C800CEDD63 /* Release */ = {
			isa = XCBuildConfiguration;
			buildSettings = {
				ASSETCATALOG_COMPILER_APPICON_NAME = AppIcon;
				ASSETCATALOG_COMPILER_GLOBAL_ACCENT_COLOR_NAME = AccentColor;
				CODE_SIGN_STYLE = Automatic;
				CURRENT_PROJECT_VERSION = 1;
				DEVELOPMENT_TEAM = M9A666Z534;
				ENABLE_PREVIEWS = YES;
				GENERATE_INFOPLIST_FILE = YES;
				INFOPLIST_KEY_NSCameraUsageDescription = "takes photos";
				INFOPLIST_KEY_UIApplicationSceneManifest_Generation = YES;
				INFOPLIST_KEY_UIApplicationSupportsIndirectInputEvents = YES;
				INFOPLIST_KEY_UILaunchScreen_Generation = YES;
				INFOPLIST_KEY_UISupportedInterfaceOrientations_iPad = "UIInterfaceOrientationPortrait UIInterfaceOrientationPortraitUpsideDown UIInterfaceOrientationLandscapeLeft UIInterfaceOrientationLandscapeRight";
				INFOPLIST_KEY_UISupportedInterfaceOrientations_iPhone = "UIInterfaceOrientationPortrait UIInterfaceOrientationLandscapeLeft UIInterfaceOrientationLandscapeRight";
				IPHONEOS_DEPLOYMENT_TARGET = 15.5;
				LD_RUNPATH_SEARCH_PATHS = (
					"$(inherited)",
					"@executable_path/Frameworks",
				);
				MARKETING_VERSION = 1.0;
				PRODUCT_BUNDLE_IDENTIFIER = "io.xoi.sdk-host.CameraSdkTest";
				PRODUCT_NAME = CameraSdkTest;
				SDKROOT = iphoneos;
				SWIFT_EMIT_LOC_STRINGS = YES;
				SWIFT_VERSION = 5.0;
				TARGETED_DEVICE_FAMILY = "1,2";
				VALIDATE_PRODUCT = YES;
			};
			name = Release;
		};
		30E39EE92878B6C800CEDD63 /* Debug */ = {
			isa = XCBuildConfiguration;
			buildSettings = {
				ASSETCATALOG_COMPILER_APPICON_NAME = AppIcon;
				ASSETCATALOG_COMPILER_GLOBAL_ACCENT_COLOR_NAME = AccentColor;
				CODE_SIGN_ENTITLEMENTS = macOS/macOS.entitlements;
				CODE_SIGN_STYLE = Automatic;
				COMBINE_HIDPI_IMAGES = YES;
				CURRENT_PROJECT_VERSION = 1;
				DEVELOPMENT_TEAM = M9A666Z534;
				ENABLE_HARDENED_RUNTIME = YES;
				ENABLE_PREVIEWS = YES;
				GENERATE_INFOPLIST_FILE = YES;
				INFOPLIST_KEY_NSHumanReadableCopyright = "";
				LD_RUNPATH_SEARCH_PATHS = (
					"$(inherited)",
					"@executable_path/../Frameworks",
				);
				MACOSX_DEPLOYMENT_TARGET = 12.3;
				MARKETING_VERSION = 1.0;
				PRODUCT_BUNDLE_IDENTIFIER = "io.xoi.sdk-host.CameraSdkTest";
				PRODUCT_NAME = CameraSdkTest;
				SDKROOT = macosx;
				SWIFT_EMIT_LOC_STRINGS = YES;
				SWIFT_VERSION = 5.0;
			};
			name = Debug;
		};
		30E39EEA2878B6C800CEDD63 /* Release */ = {
			isa = XCBuildConfiguration;
			buildSettings = {
				ASSETCATALOG_COMPILER_APPICON_NAME = AppIcon;
				ASSETCATALOG_COMPILER_GLOBAL_ACCENT_COLOR_NAME = AccentColor;
				CODE_SIGN_ENTITLEMENTS = macOS/macOS.entitlements;
				CODE_SIGN_STYLE = Automatic;
				COMBINE_HIDPI_IMAGES = YES;
				CURRENT_PROJECT_VERSION = 1;
				DEVELOPMENT_TEAM = M9A666Z534;
				ENABLE_HARDENED_RUNTIME = YES;
				ENABLE_PREVIEWS = YES;
				GENERATE_INFOPLIST_FILE = YES;
				INFOPLIST_KEY_NSHumanReadableCopyright = "";
				LD_RUNPATH_SEARCH_PATHS = (
					"$(inherited)",
					"@executable_path/../Frameworks",
				);
				MACOSX_DEPLOYMENT_TARGET = 12.3;
				MARKETING_VERSION = 1.0;
				PRODUCT_BUNDLE_IDENTIFIER = "io.xoi.sdk-host.CameraSdkTest";
				PRODUCT_NAME = CameraSdkTest;
				SDKROOT = macosx;
				SWIFT_EMIT_LOC_STRINGS = YES;
				SWIFT_VERSION = 5.0;
			};
			name = Release;
		};
/* End XCBuildConfiguration section */

/* Begin XCConfigurationList section */
		30E39ECB2878B6C600CEDD63 /* Build configuration list for PBXProject "CameraSdkTest" */ = {
			isa = XCConfigurationList;
			buildConfigurations = (
				30E39EE32878B6C800CEDD63 /* Debug */,
				30E39EE42878B6C800CEDD63 /* Release */,
			);
			defaultConfigurationIsVisible = 0;
			defaultConfigurationName = Release;
		};
		30E39EE52878B6C800CEDD63 /* Build configuration list for PBXNativeTarget "CameraSdkTest (iOS)" */ = {
			isa = XCConfigurationList;
			buildConfigurations = (
				30E39EE62878B6C800CEDD63 /* Debug */,
				30E39EE72878B6C800CEDD63 /* Release */,
			);
			defaultConfigurationIsVisible = 0;
			defaultConfigurationName = Release;
		};
		30E39EE82878B6C800CEDD63 /* Build configuration list for PBXNativeTarget "CameraSdkTest (macOS)" */ = {
			isa = XCConfigurationList;
			buildConfigurations = (
				30E39EE92878B6C800CEDD63 /* Debug */,
				30E39EEA2878B6C800CEDD63 /* Release */,
			);
			defaultConfigurationIsVisible = 0;
			defaultConfigurationName = Release;
		};
/* End XCConfigurationList section */

/* Begin XCRemoteSwiftPackageReference section */
		30B17134287CAD5300639292 /* XCRemoteSwiftPackageReference "sdk-ios-release" */ = {
			isa = XCRemoteSwiftPackageReference;
			repositoryURL = "https://github.com/xoeye/sdk-ios-release";
			requirement = {
				kind = exactVersion;
				version = 1.0.0;
			};
		};
/* End XCRemoteSwiftPackageReference section */

/* Begin XCSwiftPackageProductDependency section */
		30B17135287CAD5300639292 /* XoiSdk */ = {
			isa = XCSwiftPackageProductDependency;
			package = 30B17134287CAD5300639292 /* XCRemoteSwiftPackageReference "sdk-ios-release" */;
			productName = XoiSdk;
		};
/* End XCSwiftPackageProductDependency section */
	};
	rootObject = 30E39EC82878B6C600CEDD63 /* Project object */;
}
